
Microsoft Visual Studio Solution File, Format Version 12.00
# Visual Studio Version 16
VisualStudioVersion = 16.0.30204.135
MinimumVisualStudioVersion = 10.0.40219.1
Project("{FAE04EC0-301F-11D3-BF4B-00C04F79EFBC}") = "WebApplication2", "WebApplication2.csproj", "{D4C0B18A-A82D-41EE-8EDE-5D5D225A42F5}"
EndProject
Global
	GlobalSection(SolutionConfigurationPlatforms) = preSolution
		Debug|Any CPU = Debug|Any CPU
		Release|Any CPU = Release|Any CPU
	EndGlobalSection
	GlobalSection(ProjectConfigurationPlatforms) = postSolution
		{D4C0B18A-A82D-41EE-8EDE-5D5D225A42F5}.Debug|Any CPU.ActiveCfg = Debug|Any CPU
		{D4C0B18A-A82D-41EE-8EDE-5D5D225A42F5}.Debug|Any CPU.Build.0 = Debug|Any CPU
		{D4C0B18A-A82D-41EE-8EDE-5D5D225A42F5}.Release|Any CPU.ActiveCfg = Release|Any CPU
		{D4C0B18A-A82D-41EE-8EDE-5D5D225A42F5}.Release|Any CPU.Build.0 = Release|Any CPU
	EndGlobalSection
	GlobalSection(SolutionProperties) = preSolution
		HideSolutionNode = FALSE
	EndGlobalSection
	GlobalSection(ExtensibilityGlobals) = postSolution
		SolutionGuid = {02005CF5-67A9-47B0-86F6-A5F089D15D8C}
	EndGlobalSection
EndGlobal
